
Microsoft Visual Studio Solution File, Format Version 12.00
# Visual Studio 15
VisualStudioVersion = 15.0.28010.2016
MinimumVisualStudioVersion = 10.0.40219.1
Project("{8BC9CEB8-8B4A-11D0-8D11-00A0C91BC942}") = "fifthChpthree", "fifthChpthree\fifthChpthree.vcxproj", "{F7E1E3E9-DD90-43BE-A99D-163B3E8C6BC4}"
EndProject
Global
	GlobalSection(SolutionConfigurationPlatforms) = preSolution
		Debug|x64 = Debug|x64
		Debug|x86 = Debug|x86
		Release|x64 = Release|x64
		Release|x86 = Release|x86
	EndGlobalSection
	GlobalSection(ProjectConfigurationPlatforms) = postSolution
		{F7E1E3E9-DD90-43BE-A99D-163B3E8C6BC4}.Debug|x64.ActiveCfg = Debug|x64
		{F7E1E3E9-DD90-43BE-A99D-163B3E8C6BC4}.Debug|x64.Build.0 = Debug|x64
		{F7E1E3E9-DD90-43BE-A99D-163B3E8C6BC4}.Debug|x86.ActiveCfg = Debug|Win32
		{F7E1E3E9-DD90-43BE-A99D-163B3E8C6BC4}.Debug|x86.Build.0 = Debug|Win32
		{F7E1E3E9-DD90-43BE-A99D-163B3E8C6BC4}.Release|x64.ActiveCfg = Release|x64
		{F7E1E3E9-DD90-43BE-A99D-163B3E8C6BC4}.Release|x64.Build.0 = Release|x64
		{F7E1E3E9-DD90-43BE-A99D-163B3E8C6BC4}.Release|x86.ActiveCfg = Release|Win32
		{F7E1E3E9-DD90-43BE-A99D-163B3E8C6BC4}.Release|x86.Build.0 = Release|Win32
	EndGlobalSection
	GlobalSection(SolutionProperties) = preSolution
		HideSolutionNode = FALSE
	EndGlobalSection
	GlobalSection(ExtensibilityGlobals) = postSolution
		SolutionGuid = {DEC53784-4EB8-43C3-950F-4C9B508B14A4}
	EndGlobalSection
EndGlobal
