
Microsoft Visual Studio Solution File, Format Version 12.00
# Visual Studio 15
VisualStudioVersion = 15.0.28307.102
MinimumVisualStudioVersion = 10.0.40219.1
Project("{FAE04EC0-301F-11D3-BF4B-00C04F79EFBC}") = "DesktopProJect1", "DesktopProJect1\DesktopProJect1.csproj", "{03BB464C-8CDF-45A7-813D-1EDF505F32E9}"
EndProject
Global
	GlobalSection(SolutionConfigurationPlatforms) = preSolution
		Debug|Any CPU = Debug|Any CPU
		Release|Any CPU = Release|Any CPU
	EndGlobalSection
	GlobalSection(ProjectConfigurationPlatforms) = postSolution
		{03BB464C-8CDF-45A7-813D-1EDF505F32E9}.Debug|Any CPU.ActiveCfg = Debug|Any CPU
		{03BB464C-8CDF-45A7-813D-1EDF505F32E9}.Debug|Any CPU.Build.0 = Debug|Any CPU
		{03BB464C-8CDF-45A7-813D-1EDF505F32E9}.Release|Any CPU.ActiveCfg = Release|Any CPU
		{03BB464C-8CDF-45A7-813D-1EDF505F32E9}.Release|Any CPU.Build.0 = Release|Any CPU
	EndGlobalSection
	GlobalSection(SolutionProperties) = preSolution
		HideSolutionNode = FALSE
	EndGlobalSection
	GlobalSection(ExtensibilityGlobals) = postSolution
		SolutionGuid = {D1385674-48E0-420E-BC38-A6028263A1B0}
	EndGlobalSection
EndGlobal
